
Microsoft Visual Studio Solution File, Format Version 12.00
# Visual Studio Version 17
VisualStudioVersion = 17.9.34616.47
MinimumVisualStudioVersion = 10.0.40219.1
Project("{9A19103F-16F7-4668-BE54-9A1E7A4F7556}") = "RecipeManager.Shared", "RecipeManager.Shared\RecipeManager.Shared.csproj", "{A9DF0DA4-3874-442C-B687-826C3C4B0EE7}"
EndProject
Project("{9A19103F-16F7-4668-BE54-9A1E7A4F7556}") = "RecipeManager.API", "RecipeManager.API\RecipeManager.API.csproj", "{A67B4C74-53D8-4BC8-8034-AE7E32C41AE7}"
EndProject
Project("{9A19103F-16F7-4668-BE54-9A1E7A4F7556}") = "RecipeManager.CLI", "RecipeManager.CLI\RecipeManager.CLI.csproj", "{9E4C83D4-BA48-4472-BF87-9A1AFF66221C}"
EndProject
Project("{9A19103F-16F7-4668-BE54-9A1E7A4F7556}") = "RecipeManager.Web", "RecipeManager.Web\RecipeManager.Web.csproj", "{186E8541-AB38-4244-9F3F-5CC00A68896C}"
EndProject
Project("{FAE04EC0-301F-11D3-BF4B-00C04F79EFBC}") = "RecipeManager.API.Tests", "RecipeManager.API.Tests\RecipeManager.API.Tests.csproj", "{FAB32A08-B8BC-4D33-AE5A-F98317BA49C4}"
EndProject
Global
	GlobalSection(SolutionConfigurationPlatforms) = preSolution
		Debug|Any CPU = Debug|Any CPU
		Release|Any CPU = Release|Any CPU
	EndGlobalSection
	GlobalSection(ProjectConfigurationPlatforms) = postSolution
		{A9DF0DA4-3874-442C-B687-826C3C4B0EE7}.Debug|Any CPU.ActiveCfg = Debug|Any CPU
		{A9DF0DA4-3874-442C-B687-826C3C4B0EE7}.Debug|Any CPU.Build.0 = Debug|Any CPU
		{A9DF0DA4-3874-442C-B687-826C3C4B0EE7}.Release|Any CPU.ActiveCfg = Release|Any CPU
		{A9DF0DA4-3874-442C-B687-826C3C4B0EE7}.Release|Any CPU.Build.0 = Release|Any CPU
		{A67B4C74-53D8-4BC8-8034-AE7E32C41AE7}.Debug|Any CPU.ActiveCfg = Debug|Any CPU
		{A67B4C74-53D8-4BC8-8034-AE7E32C41AE7}.Debug|Any CPU.Build.0 = Debug|Any CPU
		{A67B4C74-53D8-4BC8-8034-AE7E32C41AE7}.Release|Any CPU.ActiveCfg = Release|Any CPU
		{A67B4C74-53D8-4BC8-8034-AE7E32C41AE7}.Release|Any CPU.Build.0 = Release|Any CPU
		{9E4C83D4-BA48-4472-BF87-9A1AFF66221C}.Debug|Any CPU.ActiveCfg = Debug|Any CPU
		{9E4C83D4-BA48-4472-BF87-9A1AFF66221C}.Debug|Any CPU.Build.0 = Debug|Any CPU
		{9E4C83D4-BA48-4472-BF87-9A1AFF66221C}.Release|Any CPU.ActiveCfg = Release|Any CPU
		{9E4C83D4-BA48-4472-BF87-9A1AFF66221C}.Release|Any CPU.Build.0 = Release|Any CPU
		{186E8541-AB38-4244-9F3F-5CC00A68896C}.Debug|Any CPU.ActiveCfg = Debug|Any CPU
		{186E8541-AB38-4244-9F3F-5CC00A68896C}.Debug|Any CPU.Build.0 = Debug|Any CPU
		{186E8541-AB38-4244-9F3F-5CC00A68896C}.Release|Any CPU.ActiveCfg = Release|Any CPU
		{186E8541-AB38-4244-9F3F-5CC00A68896C}.Release|Any CPU.Build.0 = Release|Any CPU
		{FAB32A08-B8BC-4D33-AE5A-F98317BA49C4}.Debug|Any CPU.ActiveCfg = Debug|Any CPU
		{FAB32A08-B8BC-4D33-AE5A-F98317BA49C4}.Debug|Any CPU.Build.0 = Debug|Any CPU
		{FAB32A08-B8BC-4D33-AE5A-F98317BA49C4}.Release|Any CPU.ActiveCfg = Release|Any CPU
		{FAB32A08-B8BC-4D33-AE5A-F98317BA49C4}.Release|Any CPU.Build.0 = Release|Any CPU
	EndGlobalSection
	GlobalSection(SolutionProperties) = preSolution
		HideSolutionNode = FALSE
	EndGlobalSection
	GlobalSection(ExtensibilityGlobals) = postSolution
		SolutionGuid = {A71CD95D-8974-4999-B01F-A9D965C324E8}
	EndGlobalSection
EndGlobal
